
Microsoft Visual Studio Solution File, Format Version 12.00
# Visual Studio Version 17
VisualStudioVersion = 17.5.33209.295
MinimumVisualStudioVersion = 10.0.40219.1
Project("{FAE04EC0-301F-11D3-BF4B-00C04F79EFBC}") = "LaboratorioSerializacion", "LaboratorioSerializacion\LaboratorioSerializacion.csproj", "{8D001F9F-7099-4921-8752-B233144431D1}"
EndProject
Global
	GlobalSection(SolutionConfigurationPlatforms) = preSolution
		Debug|Any CPU = Debug|Any CPU
		Release|Any CPU = Release|Any CPU
	EndGlobalSection
	GlobalSection(ProjectConfigurationPlatforms) = postSolution
		{8D001F9F-7099-4921-8752-B233144431D1}.Debug|Any CPU.ActiveCfg = Debug|Any CPU
		{8D001F9F-7099-4921-8752-B233144431D1}.Debug|Any CPU.Build.0 = Debug|Any CPU
		{8D001F9F-7099-4921-8752-B233144431D1}.Release|Any CPU.ActiveCfg = Release|Any CPU
		{8D001F9F-7099-4921-8752-B233144431D1}.Release|Any CPU.Build.0 = Release|Any CPU
	EndGlobalSection
	GlobalSection(SolutionProperties) = preSolution
		HideSolutionNode = FALSE
	EndGlobalSection
	GlobalSection(ExtensibilityGlobals) = postSolution
		SolutionGuid = {7FA9FC8B-F82A-4A32-9019-04D942FBA41D}
	EndGlobalSection
EndGlobal
